# generated by rye
# use `rye lock` or `rye sync` to update this lockfile
#
# last locked with the following flags:
#   pre: false
#   features: []
#   all-features: false
#   with-sources: false
#   generate-hashes: false
#   universal: false

-e .
annotated-types==0.7.0
    # via pydantic
anyio==4.6.2.post1
    # via httpx
    # via openai
certifi==2024.8.30
    # via httpcore
    # via httpx
contourpy==1.3.1
    # via matplotlib
cycler==0.12.1
    # via matplotlib
distro==1.9.0
    # via openai
fonttools==4.55.0
    # via matplotlib
function-schema==0.4.4
    # via plan
h11==0.14.0
    # via httpcore
httpcore==1.0.7
    # via httpx
httpx==0.27.2
    # via openai
idna==3.10
    # via anyio
    # via httpx
iniconfig==2.0.0
    # via pytest
jinja2==3.1.4
    # via plan
jiter==0.7.1
    # via openai
kiwisolver==1.4.7
    # via matplotlib
loguru==0.7.2
    # via plan
markupsafe==3.0.2
    # via jinja2
matplotlib==3.9.2
    # via plan
networkx==3.4.2
    # via plan
numpy==2.1.3
    # via contourpy
    # via matplotlib
    # via scipy
openai==1.54.4
    # via plan
packaging==24.2
    # via matplotlib
    # via pytest
pillow==11.0.0
    # via matplotlib
pluggy==1.5.0
    # via pytest
psutil==6.1.0
    # via plan
pydantic==2.9.2
    # via openai
    # via plan
pydantic-core==2.23.4
    # via pydantic
pyparsing==3.2.0
    # via matplotlib
pytest==8.3.3
    # via plan
    # via pytest-asyncio
pytest-asyncio==0.24.0
    # via plan
python-dateutil==2.9.0.post0
    # via matplotlib
scipy==1.14.1
    # via plan
semver==3.0.2
    # via plan
six==1.16.0
    # via python-dateutil
sniffio==1.3.1
    # via anyio
    # via httpx
    # via openai
tqdm==4.67.0
    # via openai
typing-extensions==4.12.2
    # via openai
    # via pydantic
    # via pydantic-core
